// !$*UTF8*$!
{
	archiveVersion = 1;
	classes = {
	};
	objectVersion = 55;
	objects = {

/* Begin PBXBuildFile section */
		601257242762961F00F9E51D /* RecipeDetailView.swift in Sources */ = {isa = PBXBuildFile; fileRef = 601257232762961F00F9E51D /* RecipeDetailView.swift */; };
		604BDB9027618358000EEF46 /* DataService.swift in Sources */ = {isa = PBXBuildFile; fileRef = 604BDB8F27618358000EEF46 /* DataService.swift */; };
		60C34B04276128AC002E44E9 /* RecipeListApp.swift in Sources */ = {isa = PBXBuildFile; fileRef = 60C34B03276128AC002E44E9 /* RecipeListApp.swift */; };
		60C34B06276128AC002E44E9 /* RecipeListView.swift in Sources */ = {isa = PBXBuildFile; fileRef = 60C34B05276128AC002E44E9 /* RecipeListView.swift */; };
		60C34B08276128B1002E44E9 /* Assets.xcassets in Resources */ = {isa = PBXBuildFile; fileRef = 60C34B07276128B1002E44E9 /* Assets.xcassets */; };
		60C34B0B276128B1002E44E9 /* Preview Assets.xcassets in Resources */ = {isa = PBXBuildFile; fileRef = 60C34B0A276128B1002E44E9 /* Preview Assets.xcassets */; };
		60C34B17276129C2002E44E9 /* recipes.json in Resources */ = {isa = PBXBuildFile; fileRef = 60C34B16276129C2002E44E9 /* recipes.json */; };
		60C34B1927612A07002E44E9 /* Recipe.swift in Sources */ = {isa = PBXBuildFile; fileRef = 60C34B1827612A07002E44E9 /* Recipe.swift */; };
		60C34B1B27612FB6002E44E9 /* RecipeModel.swift in Sources */ = {isa = PBXBuildFile; fileRef = 60C34B1A27612FB6002E44E9 /* RecipeModel.swift */; };
		60C4472C27640111002F7F6F /* RecipeTabView.swift in Sources */ = {isa = PBXBuildFile; fileRef = 60C4472B27640111002F7F6F /* RecipeTabView.swift */; };
/* End PBXBuildFile section */

/* Begin PBXFileReference section */
		601257232762961F00F9E51D /* RecipeDetailView.swift */ = {isa = PBXFileReference; lastKnownFileType = sourcecode.swift; path = RecipeDetailView.swift; sourceTree = "<group>"; };
		604BDB8F27618358000EEF46 /* DataService.swift */ = {isa = PBXFileReference; lastKnownFileType = sourcecode.swift; path = DataService.swift; sourceTree = "<group>"; };
		60C34B00276128AC002E44E9 /* RecipeList.app */ = {isa = PBXFileReference; explicitFileType = wrapper.application; includeInIndex = 0; path = RecipeList.app; sourceTree = BUILT_PRODUCTS_DIR; };
		60C34B03276128AC002E44E9 /* RecipeListApp.swift */ = {isa = PBXFileReference; lastKnownFileType = sourcecode.swift; path = RecipeListApp.swift; sourceTree = "<group>"; };
		60C34B05276128AC002E44E9 /* RecipeListView.swift */ = {isa = PBXFileReference; lastKnownFileType = sourcecode.swift; path = RecipeListView.swift; sourceTree = "<group>"; };
		60C34B07276128B1002E44E9 /* Assets.xcassets */ = {isa = PBXFileReference; lastKnownFileType = folder.assetcatalog; path = Assets.xcassets; sourceTree = "<group>"; };
		60C34B0A276128B1002E44E9 /* Preview Assets.xcassets */ = {isa = PBXFileReference; lastKnownFileType = folder.assetcatalog; path = "Preview Assets.xcassets"; sourceTree = "<group>"; };
		60C34B16276129C2002E44E9 /* recipes.json */ = {isa = PBXFileReference; fileEncoding = 4; lastKnownFileType = text.json; path = recipes.json; sourceTree = "<group>"; };
		60C34B1827612A07002E44E9 /* Recipe.swift */ = {isa = PBXFileReference; lastKnownFileType = sourcecode.swift; path = Recipe.swift; sourceTree = "<group>"; };
		60C34B1A27612FB6002E44E9 /* RecipeModel.swift */ = {isa = PBXFileReference; lastKnownFileType = sourcecode.swift; path = RecipeModel.swift; sourceTree = "<group>"; };
		60C4472B27640111002F7F6F /* RecipeTabView.swift */ = {isa = PBXFileReference; lastKnownFileType = sourcecode.swift; path = RecipeTabView.swift; sourceTree = "<group>"; };
/* End PBXFileReference section */

/* Begin PBXFrameworksBuildPhase section */
		60C34AFD276128AC002E44E9 /* Frameworks */ = {
			isa = PBXFrameworksBuildPhase;
			buildActionMask = 2147483647;
			files = (
			);
			runOnlyForDeploymentPostprocessing = 0;
		};
/* End PBXFrameworksBuildPhase section */

/* Begin PBXGroup section */
		60C34AF7276128AC002E44E9 = {
			isa = PBXGroup;
			children = (
				60C34B02276128AC002E44E9 /* RecipeList */,
				60C34B01276128AC002E44E9 /* Products */,
			);
			sourceTree = "<group>";
		};
		60C34B01276128AC002E44E9 /* Products */ = {
			isa = PBXGroup;
			children = (
				60C34B00276128AC002E44E9 /* RecipeList.app */,
			);
			name = Products;
			sourceTree = "<group>";
		};
		60C34B02276128AC002E44E9 /* RecipeList */ = {
			isa = PBXGroup;
			children = (
				60C34B03276128AC002E44E9 /* RecipeListApp.swift */,
				60C34B11276128D8002E44E9 /* Views */,
				60C34B13276128E6002E44E9 /* ViewModels */,
				60C34B12276128DE002E44E9 /* Models */,
				60C34B14276128EF002E44E9 /* Data */,
				60C34B15276128F6002E44E9 /* Services */,
				60C34B07276128B1002E44E9 /* Assets.xcassets */,
				60C34B09276128B1002E44E9 /* Preview Content */,
			);
			path = RecipeList;
			sourceTree = "<group>";
		};
		60C34B09276128B1002E44E9 /* Preview Content */ = {
			isa = PBXGroup;
			children = (
				60C34B0A276128B1002E44E9 /* Preview Assets.xcassets */,
			);
			path = "Preview Content";
			sourceTree = "<group>";
		};
		60C34B11276128D8002E44E9 /* Views */ = {
			isa = PBXGroup;
			children = (
				60C34B05276128AC002E44E9 /* RecipeListView.swift */,
				601257232762961F00F9E51D /* RecipeDetailView.swift */,
				60C4472B27640111002F7F6F /* RecipeTabView.swift */,
			);
			path = Views;
			sourceTree = "<group>";
		};
		60C34B12276128DE002E44E9 /* Models */ = {
			isa = PBXGroup;
			children = (
				60C34B1827612A07002E44E9 /* Recipe.swift */,
			);
			path = Models;
			sourceTree = "<group>";
		};
		60C34B13276128E6002E44E9 /* ViewModels */ = {
			isa = PBXGroup;
			children = (
				60C34B1A27612FB6002E44E9 /* RecipeModel.swift */,
			);
			path = ViewModels;
			sourceTree = "<group>";
		};
		60C34B14276128EF002E44E9 /* Data */ = {
			isa = PBXGroup;
			children = (
				60C34B16276129C2002E44E9 /* recipes.json */,
			);
			path = Data;
			sourceTree = "<group>";
		};
		60C34B15276128F6002E44E9 /* Services */ = {
			isa = PBXGroup;
			children = (
				604BDB8F27618358000EEF46 /* DataService.swift */,
			);
			path = Services;
			sourceTree = "<group>";
		};
/* End PBXGroup section */

/* Begin PBXNativeTarget section */
		60C34AFF276128AC002E44E9 /* RecipeList */ = {
			isa = PBXNativeTarget;
			buildConfigurationList = 60C34B0E276128B1002E44E9 /* Build configuration list for PBXNativeTarget "RecipeList" */;
			buildPhases = (
				60C34AFC276128AC002E44E9 /* Sources */,
				60C34AFD276128AC002E44E9 /* Frameworks */,
				60C34AFE276128AC002E44E9 /* Resources */,
			);
			buildRules = (
			);
			dependencies = (
			);
			name = RecipeList;
			productName = RecipeList;
			productReference = 60C34B00276128AC002E44E9 /* RecipeList.app */;
			productType = "com.apple.product-type.application";
		};
/* End PBXNativeTarget section */

/* Begin PBXProject section */
		60C34AF8276128AC002E44E9 /* Project object */ = {
			isa = PBXProject;
			attributes = {
				BuildIndependentTargetsInParallel = 1;
				LastSwiftUpdateCheck = 1310;
				LastUpgradeCheck = 1310;
				TargetAttributes = {
					60C34AFF276128AC002E44E9 = {
						CreatedOnToolsVersion = 13.1;
					};
				};
			};
			buildConfigurationList = 60C34AFB276128AC002E44E9 /* Build configuration list for PBXProject "RecipeListUpdated" */;
			compatibilityVersion = "Xcode 13.0";
			developmentRegion = en;
			hasScannedForEncodings = 0;
			knownRegions = (
				en,
				Base,
			);
			mainGroup = 60C34AF7276128AC002E44E9;
			productRefGroup = 60C34B01276128AC002E44E9 /* Products */;
			projectDirPath = "";
			projectRoot = "";
			targets = (
				60C34AFF276128AC002E44E9 /* RecipeList */,
			);
		};
/* End PBXProject section */

/* Begin PBXResourcesBuildPhase section */
		60C34AFE276128AC002E44E9 /* Resources */ = {
			isa = PBXResourcesBuildPhase;
			buildActionMask = 2147483647;
			files = (
				60C34B0B276128B1002E44E9 /* Preview Assets.xcassets in Resources */,
				60C34B17276129C2002E44E9 /* recipes.json in Resources */,
				60C34B08276128B1002E44E9 /* Assets.xcassets in Resources */,
			);
			runOnlyForDeploymentPostprocessing = 0;
		};
/* End PBXResourcesBuildPhase section */

/* Begin PBXSourcesBuildPhase section */
		60C34AFC276128AC002E44E9 /* Sources */ = {
			isa = PBXSourcesBuildPhase;
			buildActionMask = 2147483647;
			files = (
				60C34B1927612A07002E44E9 /* Recipe.swift in Sources */,
				601257242762961F00F9E51D /* RecipeDetailView.swift in Sources */,
				60C34B1B27612FB6002E44E9 /* RecipeModel.swift in Sources */,
				60C34B06276128AC002E44E9 /* RecipeListView.swift in Sources */,
				60C34B04276128AC002E44E9 /* RecipeListApp.swift in Sources */,
				604BDB9027618358000EEF46 /* DataService.swift in Sources */,
				60C4472C27640111002F7F6F /* RecipeTabView.swift in Sources */,
			);
			runOnlyForDeploymentPostprocessing = 0;
		};
/* End PBXSourcesBuildPhase section */

/* Begin XCBuildConfiguration section */
		60C34B0C276128B1002E44E9 /* Debug */ = {
			isa = XCBuildConfiguration;
			buildSettings = {
				ALWAYS_SEARCH_USER_PATHS = NO;
				CLANG_ANALYZER_NONNULL = YES;
				CLANG_ANALYZER_NUMBER_OBJECT_CONVERSION = YES_AGGRESSIVE;
				CLANG_CXX_LANGUAGE_STANDARD = "gnu++17";
				CLANG_CXX_LIBRARY = "libc++";
				CLANG_ENABLE_MODULES = YES;
				CLANG_ENABLE_OBJC_ARC = YES;
				CLANG_ENABLE_OBJC_WEAK = YES;
				CLANG_WARN_BLOCK_CAPTURE_AUTORELEASING = YES;
				CLANG_WARN_BOOL_CONVERSION = YES;
				CLANG_WARN_COMMA = YES;
				CLANG_WARN_CONSTANT_CONVERSION = YES;
				CLANG_WARN_DEPRECATED_OBJC_IMPLEMENTATIONS = YES;
				CLANG_WARN_DIRECT_OBJC_ISA_USAGE = YES_ERROR;
				CLANG_WARN_DOCUMENTATION_COMMENTS = YES;
				CLANG_WARN_EMPTY_BODY = YES;
				CLANG_WARN_ENUM_CONVERSION = YES;
				CLANG_WARN_INFINITE_RECURSION = YES;
				CLANG_WARN_INT_CONVERSION = YES;
				CLANG_WARN_NON_LITERAL_NULL_CONVERSION = YES;
				CLANG_WARN_OBJC_IMPLICIT_RETAIN_SELF = YES;
				CLANG_WARN_OBJC_LITERAL_CONVERSION = YES;
				CLANG_WARN_OBJC_ROOT_CLASS = YES_ERROR;
				CLANG_WARN_QUOTED_INCLUDE_IN_FRAMEWORK_HEADER = YES;
				CLANG_WARN_RANGE_LOOP_ANALYSIS = YES;
				CLANG_WARN_STRICT_PROTOTYPES = YES;
				CLANG_WARN_SUSPICIOUS_MOVE = YES;
				CLANG_WARN_UNGUARDED_AVAILABILITY = YES_AGGRESSIVE;
				CLANG_WARN_UNREACHABLE_CODE = YES;
				CLANG_WARN__DUPLICATE_METHOD_MATCH = YES;
				COPY_PHASE_STRIP = NO;
				DEBUG_INFORMATION_FORMAT = dwarf;
				ENABLE_STRICT_OBJC_MSGSEND = YES;
				ENABLE_TESTABILITY = YES;
				GCC_C_LANGUAGE_STANDARD = gnu11;
				GCC_DYNAMIC_NO_PIC = NO;
				GCC_NO_COMMON_BLOCKS = YES;
				GCC_OPTIMIZATION_LEVEL = 0;
				GCC_PREPROCESSOR_DEFINITIONS = (
					"DEBUG=1",
					"$(inherited)",
				);
				GCC_WARN_64_TO_32_BIT_CONVERSION = YES;
				GCC_WARN_ABOUT_RETURN_TYPE = YES_ERROR;
				GCC_WARN_UNDECLARED_SELECTOR = YES;
				GCC_WARN_UNINITIALIZED_AUTOS = YES_AGGRESSIVE;
				GCC_WARN_UNUSED_FUNCTION = YES;
				GCC_WARN_UNUSED_VARIABLE = YES;
				IPHONEOS_DEPLOYMENT_TARGET = 15.0;
				MTL_ENABLE_DEBUG_INFO = INCLUDE_SOURCE;
				MTL_FAST_MATH = YES;
				ONLY_ACTIVE_ARCH = YES;
				SDKROOT = iphoneos;
				SWIFT_ACTIVE_COMPILATION_CONDITIONS = DEBUG;
				SWIFT_OPTIMIZATION_LEVEL = "-Onone";
			};
			name = Debug;
		};
		60C34B0D276128B1002E44E9 /* Release */ = {
			isa = XCBuildConfiguration;
			buildSettings = {
				ALWAYS_SEARCH_USER_PATHS = NO;
				CLANG_ANALYZER_NONNULL = YES;
				CLANG_ANALYZER_NUMBER_OBJECT_CONVERSION = YES_AGGRESSIVE;
				CLANG_CXX_LANGUAGE_STANDARD = "gnu++17";
				CLANG_CXX_LIBRARY = "libc++";
				CLANG_ENABLE_MODULES = YES;
				CLANG_ENABLE_OBJC_ARC = YES;
				CLANG_ENABLE_OBJC_WEAK = YES;
				CLANG_WARN_BLOCK_CAPTURE_AUTORELEASING = YES;
				CLANG_WARN_BOOL_CONVERSION = YES;
				CLANG_WARN_COMMA = YES;
				CLANG_WARN_CONSTANT_CONVERSION = YES;
				CLANG_WARN_DEPRECATED_OBJC_IMPLEMENTATIONS = YES;
				CLANG_WARN_DIRECT_OBJC_ISA_USAGE = YES_ERROR;
				CLANG_WARN_DOCUMENTATION_COMMENTS = YES;
				CLANG_WARN_EMPTY_BODY = YES;
				CLANG_WARN_ENUM_CONVERSION = YES;
				CLANG_WARN_INFINITE_RECURSION = YES;
				CLANG_WARN_INT_CONVERSION = YES;
				CLANG_WARN_NON_LITERAL_NULL_CONVERSION = YES;
				CLANG_WARN_OBJC_IMPLICIT_RETAIN_SELF = YES;
				CLANG_WARN_OBJC_LITERAL_CONVERSION = YES;
				CLANG_WARN_OBJC_ROOT_CLASS = YES_ERROR;
				CLANG_WARN_QUOTED_INCLUDE_IN_FRAMEWORK_HEADER = YES;
				CLANG_WARN_RANGE_LOOP_ANALYSIS = YES;
				CLANG_WARN_STRICT_PROTOTYPES = YES;
				CLANG_WARN_SUSPICIOUS_MOVE = YES;
				CLANG_WARN_UNGUARDED_AVAILABILITY = YES_AGGRESSIVE;
				CLANG_WARN_UNREACHABLE_CODE = YES;
				CLANG_WARN__DUPLICATE_METHOD_MATCH = YES;
				COPY_PHASE_STRIP = NO;
				DEBUG_INFORMATION_FORMAT = "dwarf-with-dsym";
				ENABLE_NS_ASSERTIONS = NO;
				ENABLE_STRICT_OBJC_MSGSEND = YES;
				GCC_C_LANGUAGE_STANDARD = gnu11;
				GCC_NO_COMMON_BLOCKS = YES;
				GCC_WARN_64_TO_32_BIT_CONVERSION = YES;
				GCC_WARN_ABOUT_RETURN_TYPE = YES_ERROR;
				GCC_WARN_UNDECLARED_SELECTOR = YES;
				GCC_WARN_UNINITIALIZED_AUTOS = YES_AGGRESSIVE;
				GCC_WARN_UNUSED_FUNCTION = YES;
				GCC_WARN_UNUSED_VARIABLE = YES;
				IPHONEOS_DEPLOYMENT_TARGET = 15.0;
				MTL_ENABLE_DEBUG_INFO = NO;
				MTL_FAST_MATH = YES;
				SDKROOT = iphoneos;
				SWIFT_COMPILATION_MODE = wholemodule;
				SWIFT_OPTIMIZATION_LEVEL = "-O";
				VALIDATE_PRODUCT = YES;
			};
			name = Release;
		};
		60C34B0F276128B1002E44E9 /* Debug */ = {
			isa = XCBuildConfiguration;
			buildSettings = {
				ASSETCATALOG_COMPILER_APPICON_NAME = AppIcon;
				ASSETCATALOG_COMPILER_GLOBAL_ACCENT_COLOR_NAME = AccentColor;
				CODE_SIGN_STYLE = Automatic;
				CURRENT_PROJECT_VERSION = 1;
				DEVELOPMENT_ASSET_PATHS = "\"RecipeList/Preview Content\"";
				DEVELOPMENT_TEAM = VRLV22H8M5;
				ENABLE_PREVIEWS = YES;
				GENERATE_INFOPLIST_FILE = YES;
				INFOPLIST_KEY_UIApplicationSceneManifest_Generation = YES;
				INFOPLIST_KEY_UIApplicationSupportsIndirectInputEvents = YES;
				INFOPLIST_KEY_UILaunchScreen_Generation = YES;
				INFOPLIST_KEY_UISupportedInterfaceOrientations_iPad = "UIInterfaceOrientationPortrait UIInterfaceOrientationPortraitUpsideDown UIInterfaceOrientationLandscapeLeft UIInterfaceOrientationLandscapeRight";
				INFOPLIST_KEY_UISupportedInterfaceOrientations_iPhone = "UIInterfaceOrientationPortrait UIInterfaceOrientationLandscapeLeft UIInterfaceOrientationLandscapeRight";
				LD_RUNPATH_SEARCH_PATHS = (
					"$(inherited)",
					"@executable_path/Frameworks",
				);
				MARKETING_VERSION = 1.0;
				PRODUCT_BUNDLE_IDENTIFIER = com.mattmakes.RecipeList;
				PRODUCT_NAME = "$(TARGET_NAME)";
				SWIFT_EMIT_LOC_STRINGS = YES;
				SWIFT_VERSION = 5.0;
				TARGETED_DEVICE_FAMILY = "1,2";
			};
			name = Debug;
		};
		60C34B10276128B1002E44E9 /* Release */ = {
			isa = XCBuildConfiguration;
			buildSettings = {
				ASSETCATALOG_COMPILER_APPICON_NAME = AppIcon;
				ASSETCATALOG_COMPILER_GLOBAL_ACCENT_COLOR_NAME = AccentColor;
				CODE_SIGN_STYLE = Automatic;
				CURRENT_PROJECT_VERSION = 1;
				DEVELOPMENT_ASSET_PATHS = "\"RecipeList/Preview Content\"";
				DEVELOPMENT_TEAM = VRLV22H8M5;
				ENABLE_PREVIEWS = YES;
				GENERATE_INFOPLIST_FILE = YES;
				INFOPLIST_KEY_UIApplicationSceneManifest_Generation = YES;
				INFOPLIST_KEY_UIApplicationSupportsIndirectInputEvents = YES;
				INFOPLIST_KEY_UILaunchScreen_Generation = YES;
				INFOPLIST_KEY_UISupportedInterfaceOrientations_iPad = "UIInterfaceOrientationPortrait UIInterfaceOrientationPortraitUpsideDown UIInterfaceOrientationLandscapeLeft UIInterfaceOrientationLandscapeRight";
				INFOPLIST_KEY_UISupportedInterfaceOrientations_iPhone = "UIInterfaceOrientationPortrait UIInterfaceOrientationLandscapeLeft UIInterfaceOrientationLandscapeRight";
				LD_RUNPATH_SEARCH_PATHS = (
					"$(inherited)",
					"@executable_path/Frameworks",
				);
				MARKETING_VERSION = 1.0;
				PRODUCT_BUNDLE_IDENTIFIER = com.mattmakes.RecipeList;
				PRODUCT_NAME = "$(TARGET_NAME)";
				SWIFT_EMIT_LOC_STRINGS = YES;
				SWIFT_VERSION = 5.0;
				TARGETED_DEVICE_FAMILY = "1,2";
			};
			name = Release;
		};
/* End XCBuildConfiguration section */

/* Begin XCConfigurationList section */
		60C34AFB276128AC002E44E9 /* Build configuration list for PBXProject "RecipeListUpdated" */ = {
			isa = XCConfigurationList;
			buildConfigurations = (
				60C34B0C276128B1002E44E9 /* Debug */,
				60C34B0D276128B1002E44E9 /* Release */,
			);
			defaultConfigurationIsVisible = 0;
			defaultConfigurationName = Release;
		};
		60C34B0E276128B1002E44E9 /* Build configuration list for PBXNativeTarget "RecipeList" */ = {
			isa = XCConfigurationList;
			buildConfigurations = (
				60C34B0F276128B1002E44E9 /* Debug */,
				60C34B10276128B1002E44E9 /* Release */,
			);
			defaultConfigurationIsVisible = 0;
			defaultConfigurationName = Release;
		};
/* End XCConfigurationList section */
	};
	rootObject = 60C34AF8276128AC002E44E9 /* Project object */;
}
